
Microsoft Visual Studio Solution File, Format Version 12.00
# Visual Studio 15
VisualStudioVersion = 15.0.26228.28
MinimumVisualStudioVersion = 10.0.40219.1
Project("{FAE04EC0-301F-11D3-BF4B-00C04F79EFBC}") = "TheBoredGamer.Web", "TheBoredGamer.Web\TheBoredGamer.Web.csproj", "{BC05A530-0AC3-4066-95E5-97CC6327284B}"
EndProject
Global
	GlobalSection(SolutionConfigurationPlatforms) = preSolution
		Debug|Any CPU = Debug|Any CPU
		Release|Any CPU = Release|Any CPU
	EndGlobalSection
	GlobalSection(ProjectConfigurationPlatforms) = postSolution
		{BC05A530-0AC3-4066-95E5-97CC6327284B}.Debug|Any CPU.ActiveCfg = Debug|Any CPU
		{BC05A530-0AC3-4066-95E5-97CC6327284B}.Debug|Any CPU.Build.0 = Debug|Any CPU
		{BC05A530-0AC3-4066-95E5-97CC6327284B}.Release|Any CPU.ActiveCfg = Release|Any CPU
		{BC05A530-0AC3-4066-95E5-97CC6327284B}.Release|Any CPU.Build.0 = Release|Any CPU
	EndGlobalSection
	GlobalSection(SolutionProperties) = preSolution
		HideSolutionNode = FALSE
	EndGlobalSection
EndGlobal
